
Microsoft Visual Studio Solution File, Format Version 12.00
# Visual Studio Version 16
VisualStudioVersion = 16.0.31911.196
MinimumVisualStudioVersion = 10.0.40219.1
Project("{FAE04EC0-301F-11D3-BF4B-00C04F79EFBC}") = "BookerApi.Tests", "BookerApi.Tests\BookerApi.Tests.csproj", "{278C94F0-B9D6-4F0E-9F82-D91904BA6C21}"
EndProject
Global
	GlobalSection(SolutionConfigurationPlatforms) = preSolution
		Debug|Any CPU = Debug|Any CPU
		Release|Any CPU = Release|Any CPU
	EndGlobalSection
	GlobalSection(ProjectConfigurationPlatforms) = postSolution
		{278C94F0-B9D6-4F0E-9F82-D91904BA6C21}.Debug|Any CPU.ActiveCfg = Debug|Any CPU
		{278C94F0-B9D6-4F0E-9F82-D91904BA6C21}.Debug|Any CPU.Build.0 = Debug|Any CPU
		{278C94F0-B9D6-4F0E-9F82-D91904BA6C21}.Release|Any CPU.ActiveCfg = Release|Any CPU
		{278C94F0-B9D6-4F0E-9F82-D91904BA6C21}.Release|Any CPU.Build.0 = Release|Any CPU
	EndGlobalSection
	GlobalSection(SolutionProperties) = preSolution
		HideSolutionNode = FALSE
	EndGlobalSection
	GlobalSection(ExtensibilityGlobals) = postSolution
		SolutionGuid = {627D4FA8-6E1B-46A8-B8FB-27CFF346EF40}
	EndGlobalSection
EndGlobal
